// !$*UTF8*$!
{
	archiveVersion = 1;
	classes = {
	};
	objectVersion = 48;
	objects = {

/* Begin PBXBuildFile section */
		8448A0E02005FC1C00820345 /* AppDelegate.swift in Sources */ = {isa = PBXBuildFile; fileRef = 8448A0DF2005FC1C00820345 /* AppDelegate.swift */; };
		8448A0E22005FC1C00820345 /* ViewController.swift in Sources */ = {isa = PBXBuildFile; fileRef = 8448A0E12005FC1C00820345 /* ViewController.swift */; };
		8448A0E52005FC1C00820345 /* Main.storyboard in Resources */ = {isa = PBXBuildFile; fileRef = 8448A0E32005FC1C00820345 /* Main.storyboard */; };
		8448A0E82005FC1C00820345 /* Sound_Board.xcdatamodeld in Sources */ = {isa = PBXBuildFile; fileRef = 8448A0E62005FC1C00820345 /* Sound_Board.xcdatamodeld */; };
		8448A0EA2005FC1C00820345 /* Assets.xcassets in Resources */ = {isa = PBXBuildFile; fileRef = 8448A0E92005FC1C00820345 /* Assets.xcassets */; };
		8448A0ED2005FC1C00820345 /* LaunchScreen.storyboard in Resources */ = {isa = PBXBuildFile; fileRef = 8448A0EB2005FC1C00820345 /* LaunchScreen.storyboard */; };
/* End PBXBuildFile section */

/* Begin PBXFileReference section */
		8448A0DC2005FC1C00820345 /* Sound Board.app */ = {isa = PBXFileReference; explicitFileType = wrapper.application; includeInIndex = 0; path = "Sound Board.app"; sourceTree = BUILT_PRODUCTS_DIR; };
		8448A0DF2005FC1C00820345 /* AppDelegate.swift */ = {isa = PBXFileReference; lastKnownFileType = sourcecode.swift; path = AppDelegate.swift; sourceTree = "<group>"; };
		8448A0E12005FC1C00820345 /* ViewController.swift */ = {isa = PBXFileReference; lastKnownFileType = sourcecode.swift; path = ViewController.swift; sourceTree = "<group>"; };
		8448A0E42005FC1C00820345 /* Base */ = {isa = PBXFileReference; lastKnownFileType = file.storyboard; name = Base; path = Base.lproj/Main.storyboard; sourceTree = "<group>"; };
		8448A0E72005FC1C00820345 /* Sound_Board.xcdatamodel */ = {isa = PBXFileReference; lastKnownFileType = wrapper.xcdatamodel; path = Sound_Board.xcdatamodel; sourceTree = "<group>"; };
		8448A0E92005FC1C00820345 /* Assets.xcassets */ = {isa = PBXFileReference; lastKnownFileType = folder.assetcatalog; path = Assets.xcassets; sourceTree = "<group>"; };
		8448A0EC2005FC1C00820345 /* Base */ = {isa = PBXFileReference; lastKnownFileType = file.storyboard; name = Base; path = Base.lproj/LaunchScreen.storyboard; sourceTree = "<group>"; };
		8448A0EE2005FC1C00820345 /* Info.plist */ = {isa = PBXFileReference; lastKnownFileType = text.plist.xml; path = Info.plist; sourceTree = "<group>"; };
/* End PBXFileReference section */

/* Begin PBXFrameworksBuildPhase section */
		8448A0D92005FC1C00820345 /* Frameworks */ = {
			isa = PBXFrameworksBuildPhase;
			buildActionMask = 2147483647;
			files = (
			);
			runOnlyForDeploymentPostprocessing = 0;
		};
/* End PBXFrameworksBuildPhase section */

/* Begin PBXGroup section */
		8448A0D32005FC1C00820345 = {
			isa = PBXGroup;
			children = (
				8448A0DE2005FC1C00820345 /* Sound Board */,
				8448A0DD2005FC1C00820345 /* Products */,
			);
			sourceTree = "<group>";
		};
		8448A0DD2005FC1C00820345 /* Products */ = {
			isa = PBXGroup;
			children = (
				8448A0DC2005FC1C00820345 /* Sound Board.app */,
			);
			name = Products;
			sourceTree = "<group>";
		};
		8448A0DE2005FC1C00820345 /* Sound Board */ = {
			isa = PBXGroup;
			children = (
				8448A0DF2005FC1C00820345 /* AppDelegate.swift */,
				8448A0E12005FC1C00820345 /* ViewController.swift */,
				8448A0E32005FC1C00820345 /* Main.storyboard */,
				8448A0E92005FC1C00820345 /* Assets.xcassets */,
				8448A0EB2005FC1C00820345 /* LaunchScreen.storyboard */,
				8448A0EE2005FC1C00820345 /* Info.plist */,
				8448A0E62005FC1C00820345 /* Sound_Board.xcdatamodeld */,
			);
			path = "Sound Board";
			sourceTree = "<group>";
		};
/* End PBXGroup section */

/* Begin PBXNativeTarget section */
		8448A0DB2005FC1C00820345 /* Sound Board */ = {
			isa = PBXNativeTarget;
			buildConfigurationList = 8448A0F12005FC1C00820345 /* Build configuration list for PBXNativeTarget "Sound Board" */;
			buildPhases = (
				8448A0D82005FC1C00820345 /* Sources */,
				8448A0D92005FC1C00820345 /* Frameworks */,
				8448A0DA2005FC1C00820345 /* Resources */,
			);
			buildRules = (
			);
			dependencies = (
			);
			name = "Sound Board";
			productName = "Sound Board";
			productReference = 8448A0DC2005FC1C00820345 /* Sound Board.app */;
			productType = "com.apple.product-type.application";
		};
/* End PBXNativeTarget section */

/* Begin PBXProject section */
		8448A0D42005FC1C00820345 /* Project object */ = {
			isa = PBXProject;
			attributes = {
				LastSwiftUpdateCheck = 0920;
				LastUpgradeCheck = 0920;
				ORGANIZATIONNAME = "Joey Newfield";
				TargetAttributes = {
					8448A0DB2005FC1C00820345 = {
						CreatedOnToolsVersion = 9.2;
						ProvisioningStyle = Automatic;
					};
				};
			};
			buildConfigurationList = 8448A0D72005FC1C00820345 /* Build configuration list for PBXProject "Sound Board" */;
			compatibilityVersion = "Xcode 8.0";
			developmentRegion = en;
			hasScannedForEncodings = 0;
			knownRegions = (
				en,
				Base,
			);
			mainGroup = 8448A0D32005FC1C00820345;
			productRefGroup = 8448A0DD2005FC1C00820345 /* Products */;
			projectDirPath = "";
			projectRoot = "";
			targets = (
				8448A0DB2005FC1C00820345 /* Sound Board */,
			);
		};
/* End PBXProject section */

/* Begin PBXResourcesBuildPhase section */
		8448A0DA2005FC1C00820345 /* Resources */ = {
			isa = PBXResourcesBuildPhase;
			buildActionMask = 2147483647;
			files = (
				8448A0ED2005FC1C00820345 /* LaunchScreen.storyboard in Resources */,
				8448A0EA2005FC1C00820345 /* Assets.xcassets in Resources */,
				8448A0E52005FC1C00820345 /* Main.storyboard in Resources */,
			);
			runOnlyForDeploymentPostprocessing = 0;
		};
/* End PBXResourcesBuildPhase section */

/* Begin PBXSourcesBuildPhase section */
		8448A0D82005FC1C00820345 /* Sources */ = {
			isa = PBXSourcesBuildPhase;
			buildActionMask = 2147483647;
			files = (
				8448A0E82005FC1C00820345 /* Sound_Board.xcdatamodeld in Sources */,
				8448A0E22005FC1C00820345 /* ViewController.swift in Sources */,
				8448A0E02005FC1C00820345 /* AppDelegate.swift in Sources */,
			);
			runOnlyForDeploymentPostprocessing = 0;
		};
/* End PBXSourcesBuildPhase section */

/* Begin PBXVariantGroup section */
		8448A0E32005FC1C00820345 /* Main.storyboard */ = {
			isa = PBXVariantGroup;
			children = (
				8448A0E42005FC1C00820345 /* Base */,
			);
			name = Main.storyboard;
			sourceTree = "<group>";
		};
		8448A0EB2005FC1C00820345 /* LaunchScreen.storyboard */ = {
			isa = PBXVariantGroup;
			children = (
				8448A0EC2005FC1C00820345 /* Base */,
			);
			name = LaunchScreen.storyboard;
			sourceTree = "<group>";
		};
/* End PBXVariantGroup section */

/* Begin XCBuildConfiguration section */
		8448A0EF2005FC1C00820345 /* Debug */ = {
			isa = XCBuildConfiguration;
			buildSettings = {
				ALWAYS_SEARCH_USER_PATHS = NO;
				CLANG_ANALYZER_NONNULL = YES;
				CLANG_ANALYZER_NUMBER_OBJECT_CONVERSION = YES_AGGRESSIVE;
				CLANG_CXX_LANGUAGE_STANDARD = "gnu++14";
				CLANG_CXX_LIBRARY = "libc++";
				CLANG_ENABLE_MODULES = YES;
				CLANG_ENABLE_OBJC_ARC = YES;
				CLANG_WARN_BLOCK_CAPTURE_AUTORELEASING = YES;
				CLANG_WARN_BOOL_CONVERSION = YES;
				CLANG_WARN_COMMA = YES;
				CLANG_WARN_CONSTANT_CONVERSION = YES;
				CLANG_WARN_DIRECT_OBJC_ISA_USAGE = YES_ERROR;
				CLANG_WARN_DOCUMENTATION_COMMENTS = YES;
				CLANG_WARN_EMPTY_BODY = YES;
				CLANG_WARN_ENUM_CONVERSION = YES;
				CLANG_WARN_INFINITE_RECURSION = YES;
				CLANG_WARN_INT_CONVERSION = YES;
				CLANG_WARN_NON_LITERAL_NULL_CONVERSION = YES;
				CLANG_WARN_OBJC_LITERAL_CONVERSION = YES;
				CLANG_WARN_OBJC_ROOT_CLASS = YES_ERROR;
				CLANG_WARN_RANGE_LOOP_ANALYSIS = YES;
				CLANG_WARN_STRICT_PROTOTYPES = YES;
				CLANG_WARN_SUSPICIOUS_MOVE = YES;
				CLANG_WARN_UNGUARDED_AVAILABILITY = YES_AGGRESSIVE;
				CLANG_WARN_UNREACHABLE_CODE = YES;
				CLANG_WARN__DUPLICATE_METHOD_MATCH = YES;
				CODE_SIGN_IDENTITY = "iPhone Developer";
				COPY_PHASE_STRIP = NO;
				DEBUG_INFORMATION_FORMAT = dwarf;
				ENABLE_STRICT_OBJC_MSGSEND = YES;
				ENABLE_TESTABILITY = YES;
				GCC_C_LANGUAGE_STANDARD = gnu11;
				GCC_DYNAMIC_NO_PIC = NO;
				GCC_NO_COMMON_BLOCKS = YES;
				GCC_OPTIMIZATION_LEVEL = 0;
				GCC_PREPROCESSOR_DEFINITIONS = (
					"DEBUG=1",
					"$(inherited)",
				);
				GCC_WARN_64_TO_32_BIT_CONVERSION = YES;
				GCC_WARN_ABOUT_RETURN_TYPE = YES_ERROR;
				GCC_WARN_UNDECLARED_SELECTOR = YES;
				GCC_WARN_UNINITIALIZED_AUTOS = YES_AGGRESSIVE;
				GCC_WARN_UNUSED_FUNCTION = YES;
				GCC_WARN_UNUSED_VARIABLE = YES;
				IPHONEOS_DEPLOYMENT_TARGET = 11.2;
				MTL_ENABLE_DEBUG_INFO = YES;
				ONLY_ACTIVE_ARCH = YES;
				SDKROOT = iphoneos;
				SWIFT_ACTIVE_COMPILATION_CONDITIONS = DEBUG;
				SWIFT_OPTIMIZATION_LEVEL = "-Onone";
			};
			name = Debug;
		};
		8448A0F02005FC1C00820345 /* Release */ = {
			isa = XCBuildConfiguration;
			buildSettings = {
				ALWAYS_SEARCH_USER_PATHS = NO;
				CLANG_ANALYZER_NONNULL = YES;
				CLANG_ANALYZER_NUMBER_OBJECT_CONVERSION = YES_AGGRESSIVE;
				CLANG_CXX_LANGUAGE_STANDARD = "gnu++14";
				CLANG_CXX_LIBRARY = "libc++";
				CLANG_ENABLE_MODULES = YES;
				CLANG_ENABLE_OBJC_ARC = YES;
				CLANG_WARN_BLOCK_CAPTURE_AUTORELEASING = YES;
				CLANG_WARN_BOOL_CONVERSION = YES;
				CLANG_WARN_COMMA = YES;
				CLANG_WARN_CONSTANT_CONVERSION = YES;
				CLANG_WARN_DIRECT_OBJC_ISA_USAGE = YES_ERROR;
				CLANG_WARN_DOCUMENTATION_COMMENTS = YES;
				CLANG_WARN_EMPTY_BODY = YES;
				CLANG_WARN_ENUM_CONVERSION = YES;
				CLANG_WARN_INFINITE_RECURSION = YES;
				CLANG_WARN_INT_CONVERSION = YES;
				CLANG_WARN_NON_LITERAL_NULL_CONVERSION = YES;
				CLANG_WARN_OBJC_LITERAL_CONVERSION = YES;
				CLANG_WARN_OBJC_ROOT_CLASS = YES_ERROR;
				CLANG_WARN_RANGE_LOOP_ANALYSIS = YES;
				CLANG_WARN_STRICT_PROTOTYPES = YES;
				CLANG_WARN_SUSPICIOUS_MOVE = YES;
				CLANG_WARN_UNGUARDED_AVAILABILITY = YES_AGGRESSIVE;
				CLANG_WARN_UNREACHABLE_CODE = YES;
				CLANG_WARN__DUPLICATE_METHOD_MATCH = YES;
				CODE_SIGN_IDENTITY = "iPhone Developer";
				COPY_PHASE_STRIP = NO;
				DEBUG_INFORMATION_FORMAT = "dwarf-with-dsym";
				ENABLE_NS_ASSERTIONS = NO;
				ENABLE_STRICT_OBJC_MSGSEND = YES;
				GCC_C_LANGUAGE_STANDARD = gnu11;
				GCC_NO_COMMON_BLOCKS = YES;
				GCC_WARN_64_TO_32_BIT_CONVERSION = YES;
				GCC_WARN_ABOUT_RETURN_TYPE = YES_ERROR;
				GCC_WARN_UNDECLARED_SELECTOR = YES;
				GCC_WARN_UNINITIALIZED_AUTOS = YES_AGGRESSIVE;
				GCC_WARN_UNUSED_FUNCTION = YES;
				GCC_WARN_UNUSED_VARIABLE = YES;
				IPHONEOS_DEPLOYMENT_TARGET = 11.2;
				MTL_ENABLE_DEBUG_INFO = NO;
				SDKROOT = iphoneos;
				SWIFT_OPTIMIZATION_LEVEL = "-Owholemodule";
				VALIDATE_PRODUCT = YES;
			};
			name = Release;
		};
		8448A0F22005FC1C00820345 /* Debug */ = {
			isa = XCBuildConfiguration;
			buildSettings = {
				ASSETCATALOG_COMPILER_APPICON_NAME = AppIcon;
				CODE_SIGN_STYLE = Automatic;
				DEVELOPMENT_TEAM = 36T55BRD8Q;
				INFOPLIST_FILE = "Sound Board/Info.plist";
				LD_RUNPATH_SEARCH_PATHS = "$(inherited) @executable_path/Frameworks";
				PRODUCT_BUNDLE_IDENTIFIER = "ED.Sound-Board";
				PRODUCT_NAME = "$(TARGET_NAME)";
				SWIFT_VERSION = 4.0;
				TARGETED_DEVICE_FAMILY = "1,2";
			};
			name = Debug;
		};
		8448A0F32005FC1C00820345 /* Release */ = {
			isa = XCBuildConfiguration;
			buildSettings = {
				ASSETCATALOG_COMPILER_APPICON_NAME = AppIcon;
				CODE_SIGN_STYLE = Automatic;
				DEVELOPMENT_TEAM = 36T55BRD8Q;
				INFOPLIST_FILE = "Sound Board/Info.plist";
				LD_RUNPATH_SEARCH_PATHS = "$(inherited) @executable_path/Frameworks";
				PRODUCT_BUNDLE_IDENTIFIER = "ED.Sound-Board";
				PRODUCT_NAME = "$(TARGET_NAME)";
				SWIFT_VERSION = 4.0;
				TARGETED_DEVICE_FAMILY = "1,2";
			};
			name = Release;
		};
/* End XCBuildConfiguration section */

/* Begin XCConfigurationList section */
		8448A0D72005FC1C00820345 /* Build configuration list for PBXProject "Sound Board" */ = {
			isa = XCConfigurationList;
			buildConfigurations = (
				8448A0EF2005FC1C00820345 /* Debug */,
				8448A0F02005FC1C00820345 /* Release */,
			);
			defaultConfigurationIsVisible = 0;
			defaultConfigurationName = Release;
		};
		8448A0F12005FC1C00820345 /* Build configuration list for PBXNativeTarget "Sound Board" */ = {
			isa = XCConfigurationList;
			buildConfigurations = (
				8448A0F22005FC1C00820345 /* Debug */,
				8448A0F32005FC1C00820345 /* Release */,
			);
			defaultConfigurationIsVisible = 0;
			defaultConfigurationName = Release;
		};
/* End XCConfigurationList section */

/* Begin XCVersionGroup section */
		8448A0E62005FC1C00820345 /* Sound_Board.xcdatamodeld */ = {
			isa = XCVersionGroup;
			children = (
				8448A0E72005FC1C00820345 /* Sound_Board.xcdatamodel */,
			);
			currentVersion = 8448A0E72005FC1C00820345 /* Sound_Board.xcdatamodel */;
			path = Sound_Board.xcdatamodeld;
			sourceTree = "<group>";
			versionGroupType = wrapper.xcdatamodel;
		};
/* End XCVersionGroup section */
	};
	rootObject = 8448A0D42005FC1C00820345 /* Project object */;
}
